
Microsoft Visual Studio Solution File, Format Version 12.00
# Visual Studio Version 17
VisualStudioVersion = 17.9.34728.123
MinimumVisualStudioVersion = 10.0.40219.1
Project("{9A19103F-16F7-4668-BE54-9A1E7A4F7556}") = "Task_001", "Lab1\Task_001.csproj", "{B9A68105-9612-4D5C-8A46-3B089B7FE915}"
EndProject
Project("{9A19103F-16F7-4668-BE54-9A1E7A4F7556}") = "Task_002", "WpfApp1\Task_002.csproj", "{9EDA21CB-BCD5-4E45-BA8E-8CDCF9540399}"
EndProject
Global
	GlobalSection(SolutionConfigurationPlatforms) = preSolution
		Debug|Any CPU = Debug|Any CPU
		Release|Any CPU = Release|Any CPU
	EndGlobalSection
	GlobalSection(ProjectConfigurationPlatforms) = postSolution
		{B9A68105-9612-4D5C-8A46-3B089B7FE915}.Debug|Any CPU.ActiveCfg = Debug|Any CPU
		{B9A68105-9612-4D5C-8A46-3B089B7FE915}.Debug|Any CPU.Build.0 = Debug|Any CPU
		{B9A68105-9612-4D5C-8A46-3B089B7FE915}.Release|Any CPU.ActiveCfg = Release|Any CPU
		{B9A68105-9612-4D5C-8A46-3B089B7FE915}.Release|Any CPU.Build.0 = Release|Any CPU
		{9EDA21CB-BCD5-4E45-BA8E-8CDCF9540399}.Debug|Any CPU.ActiveCfg = Debug|Any CPU
		{9EDA21CB-BCD5-4E45-BA8E-8CDCF9540399}.Debug|Any CPU.Build.0 = Debug|Any CPU
		{9EDA21CB-BCD5-4E45-BA8E-8CDCF9540399}.Release|Any CPU.ActiveCfg = Release|Any CPU
		{9EDA21CB-BCD5-4E45-BA8E-8CDCF9540399}.Release|Any CPU.Build.0 = Release|Any CPU
	EndGlobalSection
	GlobalSection(SolutionProperties) = preSolution
		HideSolutionNode = FALSE
	EndGlobalSection
	GlobalSection(ExtensibilityGlobals) = postSolution
		SolutionGuid = {95B7E85A-90AA-4630-93C9-B2DCD9ADE465}
	EndGlobalSection
EndGlobal
